
Microsoft Visual Studio Solution File, Format Version 12.00
# Visual Studio Version 16
VisualStudioVersion = 16.0.33214.272
MinimumVisualStudioVersion = 10.0.40219.1
Project("{9A19103F-16F7-4668-BE54-9A1E7A4F7556}") = "Basket.API", "Basket.API\Basket.API.csproj", "{CCA67510-D22F-4879-860B-79FDD8582AB2}"
EndProject
Project("{9A19103F-16F7-4668-BE54-9A1E7A4F7556}") = "Catalog.API", "Catalog.API\Catalog.API.csproj", "{A3AC2EA7-B009-4FE8-92B0-C84B6E2A2E85}"
EndProject
Project("{9A19103F-16F7-4668-BE54-9A1E7A4F7556}") = "Dicount.API", "Dicount.API\Dicount.API.csproj", "{60A64204-8E91-441B-8D64-E6E709B06D4E}"
EndProject
Project("{9A19103F-16F7-4668-BE54-9A1E7A4F7556}") = "Ordering_API", "Ordering_API\Ordering_API.csproj", "{BA109E01-1792-459F-838C-DA090720F276}"
EndProject
Project("{FAE04EC0-301F-11D3-BF4B-00C04F79EFBC}") = "ApiGateways", "ApiGateways\ApiGateways.csproj", "{F190DDF6-6DB3-4287-88EB-206E284D0101}"
EndProject
Global
	GlobalSection(SolutionConfigurationPlatforms) = preSolution
		Debug|Any CPU = Debug|Any CPU
		Release|Any CPU = Release|Any CPU
	EndGlobalSection
	GlobalSection(ProjectConfigurationPlatforms) = postSolution
		{CCA67510-D22F-4879-860B-79FDD8582AB2}.Debug|Any CPU.ActiveCfg = Debug|Any CPU
		{CCA67510-D22F-4879-860B-79FDD8582AB2}.Debug|Any CPU.Build.0 = Debug|Any CPU
		{CCA67510-D22F-4879-860B-79FDD8582AB2}.Release|Any CPU.ActiveCfg = Release|Any CPU
		{CCA67510-D22F-4879-860B-79FDD8582AB2}.Release|Any CPU.Build.0 = Release|Any CPU
		{A3AC2EA7-B009-4FE8-92B0-C84B6E2A2E85}.Debug|Any CPU.ActiveCfg = Debug|Any CPU
		{A3AC2EA7-B009-4FE8-92B0-C84B6E2A2E85}.Debug|Any CPU.Build.0 = Debug|Any CPU
		{A3AC2EA7-B009-4FE8-92B0-C84B6E2A2E85}.Release|Any CPU.ActiveCfg = Release|Any CPU
		{A3AC2EA7-B009-4FE8-92B0-C84B6E2A2E85}.Release|Any CPU.Build.0 = Release|Any CPU
		{60A64204-8E91-441B-8D64-E6E709B06D4E}.Debug|Any CPU.ActiveCfg = Debug|Any CPU
		{60A64204-8E91-441B-8D64-E6E709B06D4E}.Debug|Any CPU.Build.0 = Debug|Any CPU
		{60A64204-8E91-441B-8D64-E6E709B06D4E}.Release|Any CPU.ActiveCfg = Release|Any CPU
		{60A64204-8E91-441B-8D64-E6E709B06D4E}.Release|Any CPU.Build.0 = Release|Any CPU
		{BA109E01-1792-459F-838C-DA090720F276}.Debug|Any CPU.ActiveCfg = Debug|Any CPU
		{BA109E01-1792-459F-838C-DA090720F276}.Debug|Any CPU.Build.0 = Debug|Any CPU
		{BA109E01-1792-459F-838C-DA090720F276}.Release|Any CPU.ActiveCfg = Release|Any CPU
		{BA109E01-1792-459F-838C-DA090720F276}.Release|Any CPU.Build.0 = Release|Any CPU
		{F190DDF6-6DB3-4287-88EB-206E284D0101}.Debug|Any CPU.ActiveCfg = Debug|Any CPU
		{F190DDF6-6DB3-4287-88EB-206E284D0101}.Debug|Any CPU.Build.0 = Debug|Any CPU
		{F190DDF6-6DB3-4287-88EB-206E284D0101}.Release|Any CPU.ActiveCfg = Release|Any CPU
		{F190DDF6-6DB3-4287-88EB-206E284D0101}.Release|Any CPU.Build.0 = Release|Any CPU
	EndGlobalSection
	GlobalSection(SolutionProperties) = preSolution
		HideSolutionNode = FALSE
	EndGlobalSection
	GlobalSection(ExtensibilityGlobals) = postSolution
		SolutionGuid = {5A72115F-3595-433E-8825-8272A8B298C1}
	EndGlobalSection
EndGlobal
